
Microsoft Visual Studio Solution File, Format Version 12.00
# Visual Studio 15
VisualStudioVersion = 15.0.27924.0
MinimumVisualStudioVersion = 10.0.40219.1
Project("{9A19103F-16F7-4668-BE54-9A1E7A4F7556}") = "GRPCClient", "GRPCClient\GRPCClient.csproj", "{43C313B5-00EF-4B1D-97A1-2848E89E1271}"
EndProject
Project("{9A19103F-16F7-4668-BE54-9A1E7A4F7556}") = "GRPCServer", "GRPCServer\GRPCServer.csproj", "{3166A410-3896-458D-885C-0DE8CD6158B5}"
EndProject
Project("{2150E333-8FDC-42A3-9474-1A3956D46DE8}") = "Solution Items", "Solution Items", "{A1A154A9-F1B4-451D-9247-A2F5E317267C}"
	ProjectSection(SolutionItems) = preProject
		GRPCProto\hellocounter.proto = GRPCProto\hellocounter.proto
		GRPCProto\helloworld.proto = GRPCProto\helloworld.proto
	EndProjectSection
EndProject
Global
	GlobalSection(SolutionConfigurationPlatforms) = preSolution
		Debug|Any CPU = Debug|Any CPU
		Release|Any CPU = Release|Any CPU
	EndGlobalSection
	GlobalSection(ProjectConfigurationPlatforms) = postSolution
		{43C313B5-00EF-4B1D-97A1-2848E89E1271}.Debug|Any CPU.ActiveCfg = Debug|Any CPU
		{43C313B5-00EF-4B1D-97A1-2848E89E1271}.Debug|Any CPU.Build.0 = Debug|Any CPU
		{43C313B5-00EF-4B1D-97A1-2848E89E1271}.Release|Any CPU.ActiveCfg = Release|Any CPU
		{43C313B5-00EF-4B1D-97A1-2848E89E1271}.Release|Any CPU.Build.0 = Release|Any CPU
		{3166A410-3896-458D-885C-0DE8CD6158B5}.Debug|Any CPU.ActiveCfg = Debug|Any CPU
		{3166A410-3896-458D-885C-0DE8CD6158B5}.Debug|Any CPU.Build.0 = Debug|Any CPU
		{3166A410-3896-458D-885C-0DE8CD6158B5}.Release|Any CPU.ActiveCfg = Release|Any CPU
		{3166A410-3896-458D-885C-0DE8CD6158B5}.Release|Any CPU.Build.0 = Release|Any CPU
	EndGlobalSection
	GlobalSection(SolutionProperties) = preSolution
		HideSolutionNode = FALSE
	EndGlobalSection
	GlobalSection(ExtensibilityGlobals) = postSolution
		SolutionGuid = {CD5C2B19-49B4-480A-990C-36D98A719B07}
	EndGlobalSection
EndGlobal
